// !$*UTF8*$!
{
	archiveVersion = 1;
	classes = {
	};
	objectVersion = 55;
	objects = {

/* Begin PBXBuildFile section */
		1CA291F929E1E9BC001163FD /* NewsStruct.swift in Sources */ = {isa = PBXBuildFile; fileRef = 1CA291F829E1E9BC001163FD /* NewsStruct.swift */; };
		1CA291FA29E1E9BC001163FD /* NewsStruct.swift in Sources */ = {isa = PBXBuildFile; fileRef = 1CA291F829E1E9BC001163FD /* NewsStruct.swift */; };
		1CAD363029E1DB4F0025B046 /* disabilities_enableApp.swift in Sources */ = {isa = PBXBuildFile; fileRef = 1CAD362029E1DB4B0025B046 /* disabilities_enableApp.swift */; };
		1CAD363129E1DB4F0025B046 /* disabilities_enableApp.swift in Sources */ = {isa = PBXBuildFile; fileRef = 1CAD362029E1DB4B0025B046 /* disabilities_enableApp.swift */; };
		1CAD363229E1DB4F0025B046 /* ContentView.swift in Sources */ = {isa = PBXBuildFile; fileRef = 1CAD362129E1DB4B0025B046 /* ContentView.swift */; };
		1CAD363329E1DB4F0025B046 /* ContentView.swift in Sources */ = {isa = PBXBuildFile; fileRef = 1CAD362129E1DB4B0025B046 /* ContentView.swift */; };
		1CAD363429E1DB4F0025B046 /* Assets.xcassets in Resources */ = {isa = PBXBuildFile; fileRef = 1CAD362229E1DB4F0025B046 /* Assets.xcassets */; };
		1CAD363529E1DB4F0025B046 /* Assets.xcassets in Resources */ = {isa = PBXBuildFile; fileRef = 1CAD362229E1DB4F0025B046 /* Assets.xcassets */; };
/* End PBXBuildFile section */

/* Begin PBXFileReference section */
		1CA291F829E1E9BC001163FD /* NewsStruct.swift */ = {isa = PBXFileReference; lastKnownFileType = sourcecode.swift; path = NewsStruct.swift; sourceTree = "<group>"; };
		1CAD362029E1DB4B0025B046 /* disabilities_enableApp.swift */ = {isa = PBXFileReference; lastKnownFileType = sourcecode.swift; path = disabilities_enableApp.swift; sourceTree = "<group>"; };
		1CAD362129E1DB4B0025B046 /* ContentView.swift */ = {isa = PBXFileReference; lastKnownFileType = sourcecode.swift; path = ContentView.swift; sourceTree = "<group>"; };
		1CAD362229E1DB4F0025B046 /* Assets.xcassets */ = {isa = PBXFileReference; lastKnownFileType = folder.assetcatalog; path = Assets.xcassets; sourceTree = "<group>"; };
		1CAD362729E1DB4F0025B046 /* disabilities enable.app */ = {isa = PBXFileReference; explicitFileType = wrapper.application; includeInIndex = 0; path = "disabilities enable.app"; sourceTree = BUILT_PRODUCTS_DIR; };
		1CAD362D29E1DB4F0025B046 /* disabilities enable.app */ = {isa = PBXFileReference; explicitFileType = wrapper.application; includeInIndex = 0; path = "disabilities enable.app"; sourceTree = BUILT_PRODUCTS_DIR; };
		1CAD362F29E1DB4F0025B046 /* macOS.entitlements */ = {isa = PBXFileReference; lastKnownFileType = text.plist.entitlements; path = macOS.entitlements; sourceTree = "<group>"; };
/* End PBXFileReference section */

/* Begin PBXFrameworksBuildPhase section */
		1CAD362429E1DB4F0025B046 /* Frameworks */ = {
			isa = PBXFrameworksBuildPhase;
			buildActionMask = 2147483647;
			files = (
			);
			runOnlyForDeploymentPostprocessing = 0;
		};
		1CAD362A29E1DB4F0025B046 /* Frameworks */ = {
			isa = PBXFrameworksBuildPhase;
			buildActionMask = 2147483647;
			files = (
			);
			runOnlyForDeploymentPostprocessing = 0;
		};
/* End PBXFrameworksBuildPhase section */

/* Begin PBXGroup section */
		1CAD361A29E1DB4B0025B046 = {
			isa = PBXGroup;
			children = (
				1CAD361F29E1DB4B0025B046 /* Shared */,
				1CAD362E29E1DB4F0025B046 /* macOS */,
				1CAD362829E1DB4F0025B046 /* Products */,
			);
			sourceTree = "<group>";
		};
		1CAD361F29E1DB4B0025B046 /* Shared */ = {
			isa = PBXGroup;
			children = (
				1CAD362029E1DB4B0025B046 /* disabilities_enableApp.swift */,
				1CAD362129E1DB4B0025B046 /* ContentView.swift */,
				1CA291F829E1E9BC001163FD /* NewsStruct.swift */,
				1CAD362229E1DB4F0025B046 /* Assets.xcassets */,
			);
			path = Shared;
			sourceTree = "<group>";
		};
		1CAD362829E1DB4F0025B046 /* Products */ = {
			isa = PBXGroup;
			children = (
				1CAD362729E1DB4F0025B046 /* disabilities enable.app */,
				1CAD362D29E1DB4F0025B046 /* disabilities enable.app */,
			);
			name = Products;
			sourceTree = "<group>";
		};
		1CAD362E29E1DB4F0025B046 /* macOS */ = {
			isa = PBXGroup;
			children = (
				1CAD362F29E1DB4F0025B046 /* macOS.entitlements */,
			);
			path = macOS;
			sourceTree = "<group>";
		};
/* End PBXGroup section */

/* Begin PBXNativeTarget section */
		1CAD362629E1DB4F0025B046 /* disabilities enable (iOS) */ = {
			isa = PBXNativeTarget;
			buildConfigurationList = 1CAD363829E1DB4F0025B046 /* Build configuration list for PBXNativeTarget "disabilities enable (iOS)" */;
			buildPhases = (
				1CAD362329E1DB4F0025B046 /* Sources */,
				1CAD362429E1DB4F0025B046 /* Frameworks */,
				1CAD362529E1DB4F0025B046 /* Resources */,
			);
			buildRules = (
			);
			dependencies = (
			);
			name = "disabilities enable (iOS)";
			productName = "disabilities enable (iOS)";
			productReference = 1CAD362729E1DB4F0025B046 /* disabilities enable.app */;
			productType = "com.apple.product-type.application";
		};
		1CAD362C29E1DB4F0025B046 /* disabilities enable (macOS) */ = {
			isa = PBXNativeTarget;
			buildConfigurationList = 1CAD363B29E1DB4F0025B046 /* Build configuration list for PBXNativeTarget "disabilities enable (macOS)" */;
			buildPhases = (
				1CAD362929E1DB4F0025B046 /* Sources */,
				1CAD362A29E1DB4F0025B046 /* Frameworks */,
				1CAD362B29E1DB4F0025B046 /* Resources */,
			);
			buildRules = (
			);
			dependencies = (
			);
			name = "disabilities enable (macOS)";
			productName = "disabilities enable (macOS)";
			productReference = 1CAD362D29E1DB4F0025B046 /* disabilities enable.app */;
			productType = "com.apple.product-type.application";
		};
/* End PBXNativeTarget section */

/* Begin PBXProject section */
		1CAD361B29E1DB4B0025B046 /* Project object */ = {
			isa = PBXProject;
			attributes = {
				BuildIndependentTargetsInParallel = 1;
				LastSwiftUpdateCheck = 1330;
				LastUpgradeCheck = 1330;
				TargetAttributes = {
					1CAD362629E1DB4F0025B046 = {
						CreatedOnToolsVersion = 13.3.1;
					};
					1CAD362C29E1DB4F0025B046 = {
						CreatedOnToolsVersion = 13.3.1;
					};
				};
			};
			buildConfigurationList = 1CAD361E29E1DB4B0025B046 /* Build configuration list for PBXProject "disabilities enable" */;
			compatibilityVersion = "Xcode 13.0";
			developmentRegion = en;
			hasScannedForEncodings = 0;
			knownRegions = (
				en,
				Base,
			);
			mainGroup = 1CAD361A29E1DB4B0025B046;
			productRefGroup = 1CAD362829E1DB4F0025B046 /* Products */;
			projectDirPath = "";
			projectRoot = "";
			targets = (
				1CAD362629E1DB4F0025B046 /* disabilities enable (iOS) */,
				1CAD362C29E1DB4F0025B046 /* disabilities enable (macOS) */,
			);
		};
/* End PBXProject section */

/* Begin PBXResourcesBuildPhase section */
		1CAD362529E1DB4F0025B046 /* Resources */ = {
			isa = PBXResourcesBuildPhase;
			buildActionMask = 2147483647;
			files = (
				1CAD363429E1DB4F0025B046 /* Assets.xcassets in Resources */,
			);
			runOnlyForDeploymentPostprocessing = 0;
		};
		1CAD362B29E1DB4F0025B046 /* Resources */ = {
			isa = PBXResourcesBuildPhase;
			buildActionMask = 2147483647;
			files = (
				1CAD363529E1DB4F0025B046 /* Assets.xcassets in Resources */,
			);
			runOnlyForDeploymentPostprocessing = 0;
		};
/* End PBXResourcesBuildPhase section */

/* Begin PBXSourcesBuildPhase section */
		1CAD362329E1DB4F0025B046 /* Sources */ = {
			isa = PBXSourcesBuildPhase;
			buildActionMask = 2147483647;
			files = (
				1CAD363229E1DB4F0025B046 /* ContentView.swift in Sources */,
				1CA291F929E1E9BC001163FD /* NewsStruct.swift in Sources */,
				1CAD363029E1DB4F0025B046 /* disabilities_enableApp.swift in Sources */,
			);
			runOnlyForDeploymentPostprocessing = 0;
		};
		1CAD362929E1DB4F0025B046 /* Sources */ = {
			isa = PBXSourcesBuildPhase;
			buildActionMask = 2147483647;
			files = (
				1CAD363329E1DB4F0025B046 /* ContentView.swift in Sources */,
				1CA291FA29E1E9BC001163FD /* NewsStruct.swift in Sources */,
				1CAD363129E1DB4F0025B046 /* disabilities_enableApp.swift in Sources */,
			);
			runOnlyForDeploymentPostprocessing = 0;
		};
/* End PBXSourcesBuildPhase section */

/* Begin XCBuildConfiguration section */
		1CAD363629E1DB4F0025B046 /* Debug */ = {
			isa = XCBuildConfiguration;
			buildSettings = {
				ALWAYS_SEARCH_USER_PATHS = NO;
				CLANG_ANALYZER_NONNULL = YES;
				CLANG_ANALYZER_NUMBER_OBJECT_CONVERSION = YES_AGGRESSIVE;
				CLANG_CXX_LANGUAGE_STANDARD = "gnu++17";
				CLANG_ENABLE_MODULES = YES;
				CLANG_ENABLE_OBJC_ARC = YES;
				CLANG_ENABLE_OBJC_WEAK = YES;
				CLANG_WARN_BLOCK_CAPTURE_AUTORELEASING = YES;
				CLANG_WARN_BOOL_CONVERSION = YES;
				CLANG_WARN_COMMA = YES;
				CLANG_WARN_CONSTANT_CONVERSION = YES;
				CLANG_WARN_DEPRECATED_OBJC_IMPLEMENTATIONS = YES;
				CLANG_WARN_DIRECT_OBJC_ISA_USAGE = YES_ERROR;
				CLANG_WARN_DOCUMENTATION_COMMENTS = YES;
				CLANG_WARN_EMPTY_BODY = YES;
				CLANG_WARN_ENUM_CONVERSION = YES;
				CLANG_WARN_INFINITE_RECURSION = YES;
				CLANG_WARN_INT_CONVERSION = YES;
				CLANG_WARN_NON_LITERAL_NULL_CONVERSION = YES;
				CLANG_WARN_OBJC_IMPLICIT_RETAIN_SELF = YES;
				CLANG_WARN_OBJC_LITERAL_CONVERSION = YES;
				CLANG_WARN_OBJC_ROOT_CLASS = YES_ERROR;
				CLANG_WARN_QUOTED_INCLUDE_IN_FRAMEWORK_HEADER = YES;
				CLANG_WARN_RANGE_LOOP_ANALYSIS = YES;
				CLANG_WARN_STRICT_PROTOTYPES = YES;
				CLANG_WARN_SUSPICIOUS_MOVE = YES;
				CLANG_WARN_UNGUARDED_AVAILABILITY = YES_AGGRESSIVE;
				CLANG_WARN_UNREACHABLE_CODE = YES;
				CLANG_WARN__DUPLICATE_METHOD_MATCH = YES;
				COPY_PHASE_STRIP = NO;
				DEBUG_INFORMATION_FORMAT = dwarf;
				ENABLE_STRICT_OBJC_MSGSEND = YES;
				ENABLE_TESTABILITY = YES;
				GCC_C_LANGUAGE_STANDARD = gnu11;
				GCC_DYNAMIC_NO_PIC = NO;
				GCC_NO_COMMON_BLOCKS = YES;
				GCC_OPTIMIZATION_LEVEL = 0;
				GCC_PREPROCESSOR_DEFINITIONS = (
					"DEBUG=1",
					"$(inherited)",
				);
				GCC_WARN_64_TO_32_BIT_CONVERSION = YES;
				GCC_WARN_ABOUT_RETURN_TYPE = YES_ERROR;
				GCC_WARN_UNDECLARED_SELECTOR = YES;
				GCC_WARN_UNINITIALIZED_AUTOS = YES_AGGRESSIVE;
				GCC_WARN_UNUSED_FUNCTION = YES;
				GCC_WARN_UNUSED_VARIABLE = YES;
				MTL_ENABLE_DEBUG_INFO = INCLUDE_SOURCE;
				MTL_FAST_MATH = YES;
				ONLY_ACTIVE_ARCH = YES;
				SWIFT_ACTIVE_COMPILATION_CONDITIONS = DEBUG;
				SWIFT_OPTIMIZATION_LEVEL = "-Onone";
			};
			name = Debug;
		};
		1CAD363729E1DB4F0025B046 /* Release */ = {
			isa = XCBuildConfiguration;
			buildSettings = {
				ALWAYS_SEARCH_USER_PATHS = NO;
				CLANG_ANALYZER_NONNULL = YES;
				CLANG_ANALYZER_NUMBER_OBJECT_CONVERSION = YES_AGGRESSIVE;
				CLANG_CXX_LANGUAGE_STANDARD = "gnu++17";
				CLANG_ENABLE_MODULES = YES;
				CLANG_ENABLE_OBJC_ARC = YES;
				CLANG_ENABLE_OBJC_WEAK = YES;
				CLANG_WARN_BLOCK_CAPTURE_AUTORELEASING = YES;
				CLANG_WARN_BOOL_CONVERSION = YES;
				CLANG_WARN_COMMA = YES;
				CLANG_WARN_CONSTANT_CONVERSION = YES;
				CLANG_WARN_DEPRECATED_OBJC_IMPLEMENTATIONS = YES;
				CLANG_WARN_DIRECT_OBJC_ISA_USAGE = YES_ERROR;
				CLANG_WARN_DOCUMENTATION_COMMENTS = YES;
				CLANG_WARN_EMPTY_BODY = YES;
				CLANG_WARN_ENUM_CONVERSION = YES;
				CLANG_WARN_INFINITE_RECURSION = YES;
				CLANG_WARN_INT_CONVERSION = YES;
				CLANG_WARN_NON_LITERAL_NULL_CONVERSION = YES;
				CLANG_WARN_OBJC_IMPLICIT_RETAIN_SELF = YES;
				CLANG_WARN_OBJC_LITERAL_CONVERSION = YES;
				CLANG_WARN_OBJC_ROOT_CLASS = YES_ERROR;
				CLANG_WARN_QUOTED_INCLUDE_IN_FRAMEWORK_HEADER = YES;
				CLANG_WARN_RANGE_LOOP_ANALYSIS = YES;
				CLANG_WARN_STRICT_PROTOTYPES = YES;
				CLANG_WARN_SUSPICIOUS_MOVE = YES;
				CLANG_WARN_UNGUARDED_AVAILABILITY = YES_AGGRESSIVE;
				CLANG_WARN_UNREACHABLE_CODE = YES;
				CLANG_WARN__DUPLICATE_METHOD_MATCH = YES;
				COPY_PHASE_STRIP = NO;
				DEBUG_INFORMATION_FORMAT = "dwarf-with-dsym";
				ENABLE_NS_ASSERTIONS = NO;
				ENABLE_STRICT_OBJC_MSGSEND = YES;
				GCC_C_LANGUAGE_STANDARD = gnu11;
				GCC_NO_COMMON_BLOCKS = YES;
				GCC_WARN_64_TO_32_BIT_CONVERSION = YES;
				GCC_WARN_ABOUT_RETURN_TYPE = YES_ERROR;
				GCC_WARN_UNDECLARED_SELECTOR = YES;
				GCC_WARN_UNINITIALIZED_AUTOS = YES_AGGRESSIVE;
				GCC_WARN_UNUSED_FUNCTION = YES;
				GCC_WARN_UNUSED_VARIABLE = YES;
				MTL_ENABLE_DEBUG_INFO = NO;
				MTL_FAST_MATH = YES;
				SWIFT_COMPILATION_MODE = wholemodule;
				SWIFT_OPTIMIZATION_LEVEL = "-O";
			};
			name = Release;
		};
		1CAD363929E1DB4F0025B046 /* Debug */ = {
			isa = XCBuildConfiguration;
			buildSettings = {
				ASSETCATALOG_COMPILER_APPICON_NAME = AppIcon;
				ASSETCATALOG_COMPILER_GLOBAL_ACCENT_COLOR_NAME = AccentColor;
				CODE_SIGN_STYLE = Automatic;
				CURRENT_PROJECT_VERSION = 1;
				ENABLE_PREVIEWS = YES;
				GENERATE_INFOPLIST_FILE = YES;
				INFOPLIST_KEY_UIApplicationSceneManifest_Generation = YES;
				INFOPLIST_KEY_UIApplicationSupportsIndirectInputEvents = YES;
				INFOPLIST_KEY_UILaunchScreen_Generation = YES;
				INFOPLIST_KEY_UISupportedInterfaceOrientations_iPad = "UIInterfaceOrientationPortrait UIInterfaceOrientationPortraitUpsideDown UIInterfaceOrientationLandscapeLeft UIInterfaceOrientationLandscapeRight";
				INFOPLIST_KEY_UISupportedInterfaceOrientations_iPhone = "UIInterfaceOrientationPortrait UIInterfaceOrientationLandscapeLeft UIInterfaceOrientationLandscapeRight";
				IPHONEOS_DEPLOYMENT_TARGET = 15.4;
				LD_RUNPATH_SEARCH_PATHS = (
					"$(inherited)",
					"@executable_path/Frameworks",
				);
				MARKETING_VERSION = 1.0;
				PRODUCT_BUNDLE_IDENTIFIER = "com.cwessels.disabilities-enable";
				PRODUCT_NAME = "disabilities enable";
				SDKROOT = iphoneos;
				SWIFT_EMIT_LOC_STRINGS = YES;
				SWIFT_VERSION = 5.0;
				TARGETED_DEVICE_FAMILY = "1,2";
			};
			name = Debug;
		};
		1CAD363A29E1DB4F0025B046 /* Release */ = {
			isa = XCBuildConfiguration;
			buildSettings = {
				ASSETCATALOG_COMPILER_APPICON_NAME = AppIcon;
				ASSETCATALOG_COMPILER_GLOBAL_ACCENT_COLOR_NAME = AccentColor;
				CODE_SIGN_STYLE = Automatic;
				CURRENT_PROJECT_VERSION = 1;
				ENABLE_PREVIEWS = YES;
				GENERATE_INFOPLIST_FILE = YES;
				INFOPLIST_KEY_UIApplicationSceneManifest_Generation = YES;
				INFOPLIST_KEY_UIApplicationSupportsIndirectInputEvents = YES;
				INFOPLIST_KEY_UILaunchScreen_Generation = YES;
				INFOPLIST_KEY_UISupportedInterfaceOrientations_iPad = "UIInterfaceOrientationPortrait UIInterfaceOrientationPortraitUpsideDown UIInterfaceOrientationLandscapeLeft UIInterfaceOrientationLandscapeRight";
				INFOPLIST_KEY_UISupportedInterfaceOrientations_iPhone = "UIInterfaceOrientationPortrait UIInterfaceOrientationLandscapeLeft UIInterfaceOrientationLandscapeRight";
				IPHONEOS_DEPLOYMENT_TARGET = 15.4;
				LD_RUNPATH_SEARCH_PATHS = (
					"$(inherited)",
					"@executable_path/Frameworks",
				);
				MARKETING_VERSION = 1.0;
				PRODUCT_BUNDLE_IDENTIFIER = "com.cwessels.disabilities-enable";
				PRODUCT_NAME = "disabilities enable";
				SDKROOT = iphoneos;
				SWIFT_EMIT_LOC_STRINGS = YES;
				SWIFT_VERSION = 5.0;
				TARGETED_DEVICE_FAMILY = "1,2";
				VALIDATE_PRODUCT = YES;
			};
			name = Release;
		};
		1CAD363C29E1DB4F0025B046 /* Debug */ = {
			isa = XCBuildConfiguration;
			buildSettings = {
				ASSETCATALOG_COMPILER_APPICON_NAME = AppIcon;
				ASSETCATALOG_COMPILER_GLOBAL_ACCENT_COLOR_NAME = AccentColor;
				CODE_SIGN_ENTITLEMENTS = macOS/macOS.entitlements;
				CODE_SIGN_STYLE = Automatic;
				COMBINE_HIDPI_IMAGES = YES;
				CURRENT_PROJECT_VERSION = 1;
				ENABLE_PREVIEWS = YES;
				GENERATE_INFOPLIST_FILE = YES;
				INFOPLIST_KEY_NSHumanReadableCopyright = "";
				LD_RUNPATH_SEARCH_PATHS = (
					"$(inherited)",
					"@executable_path/../Frameworks",
				);
				MACOSX_DEPLOYMENT_TARGET = 12.3;
				MARKETING_VERSION = 1.0;
				PRODUCT_BUNDLE_IDENTIFIER = "com.cwessels.disabilities-enable";
				PRODUCT_NAME = "disabilities enable";
				SDKROOT = macosx;
				SWIFT_EMIT_LOC_STRINGS = YES;
				SWIFT_VERSION = 5.0;
			};
			name = Debug;
		};
		1CAD363D29E1DB4F0025B046 /* Release */ = {
			isa = XCBuildConfiguration;
			buildSettings = {
				ASSETCATALOG_COMPILER_APPICON_NAME = AppIcon;
				ASSETCATALOG_COMPILER_GLOBAL_ACCENT_COLOR_NAME = AccentColor;
				CODE_SIGN_ENTITLEMENTS = macOS/macOS.entitlements;
				CODE_SIGN_STYLE = Automatic;
				COMBINE_HIDPI_IMAGES = YES;
				CURRENT_PROJECT_VERSION = 1;
				ENABLE_PREVIEWS = YES;
				GENERATE_INFOPLIST_FILE = YES;
				INFOPLIST_KEY_NSHumanReadableCopyright = "";
				LD_RUNPATH_SEARCH_PATHS = (
					"$(inherited)",
					"@executable_path/../Frameworks",
				);
				MACOSX_DEPLOYMENT_TARGET = 12.3;
				MARKETING_VERSION = 1.0;
				PRODUCT_BUNDLE_IDENTIFIER = "com.cwessels.disabilities-enable";
				PRODUCT_NAME = "disabilities enable";
				SDKROOT = macosx;
				SWIFT_EMIT_LOC_STRINGS = YES;
				SWIFT_VERSION = 5.0;
			};
			name = Release;
		};
/* End XCBuildConfiguration section */

/* Begin XCConfigurationList section */
		1CAD361E29E1DB4B0025B046 /* Build configuration list for PBXProject "disabilities enable" */ = {
			isa = XCConfigurationList;
			buildConfigurations = (
				1CAD363629E1DB4F0025B046 /* Debug */,
				1CAD363729E1DB4F0025B046 /* Release */,
			);
			defaultConfigurationIsVisible = 0;
			defaultConfigurationName = Release;
		};
		1CAD363829E1DB4F0025B046 /* Build configuration list for PBXNativeTarget "disabilities enable (iOS)" */ = {
			isa = XCConfigurationList;
			buildConfigurations = (
				1CAD363929E1DB4F0025B046 /* Debug */,
				1CAD363A29E1DB4F0025B046 /* Release */,
			);
			defaultConfigurationIsVisible = 0;
			defaultConfigurationName = Release;
		};
		1CAD363B29E1DB4F0025B046 /* Build configuration list for PBXNativeTarget "disabilities enable (macOS)" */ = {
			isa = XCConfigurationList;
			buildConfigurations = (
				1CAD363C29E1DB4F0025B046 /* Debug */,
				1CAD363D29E1DB4F0025B046 /* Release */,
			);
			defaultConfigurationIsVisible = 0;
			defaultConfigurationName = Release;
		};
/* End XCConfigurationList section */
	};
	rootObject = 1CAD361B29E1DB4B0025B046 /* Project object */;
}
